{
    "_readme": [
        "This file locks the dependencies of your project to a known state",
        "Read more about it at https://getcomposer.org/doc/01-basic-usage.md#installing-dependencies",
        "This file is @generated automatically"
    ],
    "content-hash": "b31bb980b893939df5645d8a8af1e720",
    "packages": [
        {
            "name": "nickbeen/php-cli-progress-bar",
            "version": "1.1.0",
            "source": {
                "type": "git",
                "url": "https://github.com/nickbeen/php-cli-progress-bar.git",
                "reference": "20c6414855ff701d6afc2a44820f79c0e0f9ed8b"
            },
            "dist": {
                "type": "zip",
                "url": "https://api.github.com/repos/nickbeen/php-cli-progress-bar/zipball/20c6414855ff701d6afc2a44820f79c0e0f9ed8b",
                "reference": "20c6414855ff701d6afc2a44820f79c0e0f9ed8b",
                "shasum": ""
            },
            "require": {
                "php": "^8.0"
            },
            "require-dev": {
                "phpunit/phpunit": "^9.5"
            },
            "type": "library",
            "autoload": {
                "psr-4": {
                    "NickBeen\\ProgressBar\\": "src"
                }
            },
            "notification-url": "https://packagist.org/downloads/",
            "license": [
                "MIT"
            ],
            "authors": [
                {
                    "name": "Nick Been",
                    "role": "Developer"
                }
            ],
            "description": "For creating minimal progress bars in PHP CLI scripts",
            "homepage": "https://github.com/nickbeen/php-cli-progress-bar",
            "keywords": [
                "cli",
                "php",
                "progress bar"
            ],
            "support": {
                "issues": "https://github.com/nickbeen/php-cli-progress-bar/issues",
                "source": "https://github.com/nickbeen/php-cli-progress-bar/tree/1.1.0"
            },
            "time": "2022-06-21T08:30:57+00:00"
        }
    ],
    "packages-dev": [],
    "aliases": [],
    "minimum-stability": "stable",
    "stability-flags": [],
    "prefer-stable": false,
    "prefer-lowest": false,
    "platform": [],
    "platform-dev": [],
    "plugin-api-version": "2.6.0"
}
